
Microsoft Visual Studio Solution File, Format Version 12.00
Project("{FAE04EC0-301F-11D3-BF4B-00C04F79EFBC}") = "Exercices", "Exercices\Exercices.csproj", "{B1AA898E-5B21-4BB9-A09E-921E8845D880}"
EndProject
Project("{FAE04EC0-301F-11D3-BF4B-00C04F79EFBC}") = "Exercice7", "Exercice7\Exercice7.csproj", "{9C6A6700-3129-40A7-982B-81FB5D3568FB}"
EndProject
Global
	GlobalSection(SolutionConfigurationPlatforms) = preSolution
		Debug|Any CPU = Debug|Any CPU
		Release|Any CPU = Release|Any CPU
	EndGlobalSection
	GlobalSection(ProjectConfigurationPlatforms) = postSolution
		{B1AA898E-5B21-4BB9-A09E-921E8845D880}.Debug|Any CPU.ActiveCfg = Debug|Any CPU
		{B1AA898E-5B21-4BB9-A09E-921E8845D880}.Debug|Any CPU.Build.0 = Debug|Any CPU
		{B1AA898E-5B21-4BB9-A09E-921E8845D880}.Release|Any CPU.ActiveCfg = Release|Any CPU
		{B1AA898E-5B21-4BB9-A09E-921E8845D880}.Release|Any CPU.Build.0 = Release|Any CPU
		{9C6A6700-3129-40A7-982B-81FB5D3568FB}.Debug|Any CPU.ActiveCfg = Debug|Any CPU
		{9C6A6700-3129-40A7-982B-81FB5D3568FB}.Debug|Any CPU.Build.0 = Debug|Any CPU
		{9C6A6700-3129-40A7-982B-81FB5D3568FB}.Release|Any CPU.ActiveCfg = Release|Any CPU
		{9C6A6700-3129-40A7-982B-81FB5D3568FB}.Release|Any CPU.Build.0 = Release|Any CPU
	EndGlobalSection
EndGlobal
